{
  "name": "ES7-Async-Await-Demo",
  "version": "1.0.0",
  "lockfileVersion": 1,
  "requires": true,
  "dependencies": {
    "babel": {
      "version": "6.23.0",
      "resolved": "https://registry.npmjs.org/babel/-/babel-6.23.0.tgz",
      "integrity": "sha1-0NHn2APpdHZb7qMjLU4VPA77kPQ="
    },
    "babel-core": {
      "version": "6.26.0",
      "resolved": "https://registry.npmjs.org/babel-core/-/babel-core-6.26.0.tgz",
      "integrity": "sha1-rzL3izGm/O8RnIew/Y2XU/A6C7g="
    },
    "babel-polyfill": {
      "version": "6.26.0",
      "resolved": "https://registry.npmjs.org/babel-polyfill/-/babel-polyfill-6.26.0.tgz",
      "integrity": "sha1-N5k3q8Z9eJWXCtxiHyhM2WbPIVM=",
      "dev": true,
      "dependencies": {
        "regenerator-runtime": {
          "version": "0.10.5",
          "resolved": "https://registry.npmjs.org/regenerator-runtime/-/regenerator-runtime-0.10.5.tgz",
          "integrity": "sha1-M2w+/BIgrc7dosn6tntaeVWjNlg="
        }
      }
    },
    "babel-preset-es2015": {
      "version": "6.24.1",
      "resolved": "https://registry.npmjs.org/babel-preset-es2015/-/babel-preset-es2015-6.24.1.tgz",
      "integrity": "sha1-1EBQ1rwsn+6nAqrzjXJ6AhBTiTk=",
      "dev": true
    },
    "babel-preset-stage-0": {
      "version": "6.24.1",
      "resolved": "https://registry.npmjs.org/babel-preset-stage-0/-/babel-preset-stage-0-6.24.1.tgz",
      "integrity": "sha1-VkLRUEL5E4TX5a+LyIsduVsDnmo=",
      "dev": true
    },
    "request": {
      "version": "2.81.0",
      "resolved": "https://registry.npmjs.org/request/-/request-2.81.0.tgz",
      "integrity": "sha1-xpKJRqDgbF+Nb4qTM0af/aRimKA="
    }
  }
}
